
Microsoft Visual Studio Solution File, Format Version 12.00
# Visual Studio Version 17
VisualStudioVersion = 17.10.35013.160
MinimumVisualStudioVersion = 10.0.40219.1
Project("{FAE04EC0-301F-11D3-BF4B-00C04F79EFBC}") = "mythicalbeasts-automator", "mythicalbeasts-automator.csproj", "{DD51F6D5-9D0C-46B9-8415-60491ADB537B}"
EndProject
Global
	GlobalSection(SolutionConfigurationPlatforms) = preSolution
		Debug|Any CPU = Debug|Any CPU
		Release|Any CPU = Release|Any CPU
	EndGlobalSection
	GlobalSection(ProjectConfigurationPlatforms) = postSolution
		{DD51F6D5-9D0C-46B9-8415-60491ADB537B}.Debug|Any CPU.ActiveCfg = Debug|Any CPU
		{DD51F6D5-9D0C-46B9-8415-60491ADB537B}.Debug|Any CPU.Build.0 = Debug|Any CPU
		{DD51F6D5-9D0C-46B9-8415-60491ADB537B}.Release|Any CPU.ActiveCfg = Release|Any CPU
		{DD51F6D5-9D0C-46B9-8415-60491ADB537B}.Release|Any CPU.Build.0 = Release|Any CPU
	EndGlobalSection
	GlobalSection(SolutionProperties) = preSolution
		HideSolutionNode = FALSE
	EndGlobalSection
	GlobalSection(ExtensibilityGlobals) = postSolution
		SolutionGuid = {3A9B5144-C3B6-4016-8E78-BF6F23D5C595}
	EndGlobalSection
EndGlobal
